// !$*UTF8*$!
{
	archiveVersion = 1;
	classes = {
	};
	objectVersion = 54;
	objects = {

/* Begin PBXBuildFile section */
		7E1039B1A9DF4501A4BD3752 /* Pods_Weather_App.framework in Frameworks */ = {isa = PBXBuildFile; fileRef = E716E96D5BCC50EFDC40728E /* Pods_Weather_App.framework */; };
		847BF28E2911918D00B029C8 /* AppDelegate.swift in Sources */ = {isa = PBXBuildFile; fileRef = 847BF28D2911918D00B029C8 /* AppDelegate.swift */; };
		847BF2902911918D00B029C8 /* SceneDelegate.swift in Sources */ = {isa = PBXBuildFile; fileRef = 847BF28F2911918D00B029C8 /* SceneDelegate.swift */; };
		847BF2922911918D00B029C8 /* MainViewController.swift in Sources */ = {isa = PBXBuildFile; fileRef = 847BF2912911918D00B029C8 /* MainViewController.swift */; };
		847BF2952911918D00B029C8 /* Main.storyboard in Resources */ = {isa = PBXBuildFile; fileRef = 847BF2932911918D00B029C8 /* Main.storyboard */; };
		847BF2972911918F00B029C8 /* Assets.xcassets in Resources */ = {isa = PBXBuildFile; fileRef = 847BF2962911918F00B029C8 /* Assets.xcassets */; };
		847BF29A2911918F00B029C8 /* LaunchScreen.storyboard in Resources */ = {isa = PBXBuildFile; fileRef = 847BF2982911918F00B029C8 /* LaunchScreen.storyboard */; };
		847BF2A52911A09400B029C8 /* SearchViewController.swift in Sources */ = {isa = PBXBuildFile; fileRef = 847BF2A42911A09400B029C8 /* SearchViewController.swift */; };
		847BF2A82911A09700B029C8 /* MapViewController.swift in Sources */ = {isa = PBXBuildFile; fileRef = 847BF2A72911A09700B029C8 /* MapViewController.swift */; };
		84A7F5A9291281E800247AC6 /* LocationCell.swift in Sources */ = {isa = PBXBuildFile; fileRef = 84A7F5A8291281E800247AC6 /* LocationCell.swift */; };
		84A7F5AE29130CD200247AC6 /* WeatherViewModel.swift in Sources */ = {isa = PBXBuildFile; fileRef = 84A7F5AD29130CD200247AC6 /* WeatherViewModel.swift */; };
		84A7F5B22913E85C00247AC6 /* WeatherCell.swift in Sources */ = {isa = PBXBuildFile; fileRef = 84A7F5B12913E85C00247AC6 /* WeatherCell.swift */; };
		84A7F5B52913E8F300247AC6 /* WeatherCellViewModel.swift in Sources */ = {isa = PBXBuildFile; fileRef = 84A7F5B42913E8F300247AC6 /* WeatherCellViewModel.swift */; };
		84A7F5B92914112200247AC6 /* String+countryName.swift in Sources */ = {isa = PBXBuildFile; fileRef = 84A7F5B82914112200247AC6 /* String+countryName.swift */; };
		84A7F5BE2914128900247AC6 /* City.swift in Sources */ = {isa = PBXBuildFile; fileRef = 84A7F5BD2914128900247AC6 /* City.swift */; };
		84A7F5C1291412D000247AC6 /* Coordinates.swift in Sources */ = {isa = PBXBuildFile; fileRef = 84A7F5C0291412D000247AC6 /* Coordinates.swift */; };
		84A7F5C5291413B200247AC6 /* Result.swift in Sources */ = {isa = PBXBuildFile; fileRef = 84A7F5C4291413B200247AC6 /* Result.swift */; };
		84A7F5C92914142600247AC6 /* List.swift in Sources */ = {isa = PBXBuildFile; fileRef = 84A7F5C82914142600247AC6 /* List.swift */; };
		84A7F5CC2914145B00247AC6 /* Clouds.swift in Sources */ = {isa = PBXBuildFile; fileRef = 84A7F5CB2914145B00247AC6 /* Clouds.swift */; };
		84A7F5D02914149100247AC6 /* MainClass.swift in Sources */ = {isa = PBXBuildFile; fileRef = 84A7F5CF2914149100247AC6 /* MainClass.swift */; };
		84A7F5D4291414B100247AC6 /* Rain.swift in Sources */ = {isa = PBXBuildFile; fileRef = 84A7F5D3291414B100247AC6 /* Rain.swift */; };
		84A7F5D8291414CA00247AC6 /* Sys.swift in Sources */ = {isa = PBXBuildFile; fileRef = 84A7F5D7291414CA00247AC6 /* Sys.swift */; };
		84A7F5DB291414DD00247AC6 /* Pod.swift in Sources */ = {isa = PBXBuildFile; fileRef = 84A7F5DA291414DD00247AC6 /* Pod.swift */; };
		84A7F5DF291414F600247AC6 /* Weather.swift in Sources */ = {isa = PBXBuildFile; fileRef = 84A7F5DE291414F600247AC6 /* Weather.swift */; };
		84A7F5E22914152200247AC6 /* Wind.swift in Sources */ = {isa = PBXBuildFile; fileRef = 84A7F5E12914152200247AC6 /* Wind.swift */; };
		84A7F5E7291415C000247AC6 /* NetworkManager.swift in Sources */ = {isa = PBXBuildFile; fileRef = 84A7F5E6291415C000247AC6 /* NetworkManager.swift */; };
		84A7F5EC2914276500247AC6 /* WeatherCellModel.swift in Sources */ = {isa = PBXBuildFile; fileRef = 84A7F5EB2914276400247AC6 /* WeatherCellModel.swift */; };
		84A7F5F02914296A00247AC6 /* Array+groupedBy.swift in Sources */ = {isa = PBXBuildFile; fileRef = 84A7F5EF2914296A00247AC6 /* Array+groupedBy.swift */; };
/* End PBXBuildFile section */

/* Begin PBXFileReference section */
		482A18CF5A967EDA18F0A78C /* Pods-Weather App.release.xcconfig */ = {isa = PBXFileReference; includeInIndex = 1; lastKnownFileType = text.xcconfig; name = "Pods-Weather App.release.xcconfig"; path = "Target Support Files/Pods-Weather App/Pods-Weather App.release.xcconfig"; sourceTree = "<group>"; };
		4E4C417395B1A966FE349AB0 /* Pods-Weather App.debug.xcconfig */ = {isa = PBXFileReference; includeInIndex = 1; lastKnownFileType = text.xcconfig; name = "Pods-Weather App.debug.xcconfig"; path = "Target Support Files/Pods-Weather App/Pods-Weather App.debug.xcconfig"; sourceTree = "<group>"; };
		847BF28A2911918D00B029C8 /* Weather App.app */ = {isa = PBXFileReference; explicitFileType = wrapper.application; includeInIndex = 0; path = "Weather App.app"; sourceTree = BUILT_PRODUCTS_DIR; };
		847BF28D2911918D00B029C8 /* AppDelegate.swift */ = {isa = PBXFileReference; lastKnownFileType = sourcecode.swift; path = AppDelegate.swift; sourceTree = "<group>"; };
		847BF28F2911918D00B029C8 /* SceneDelegate.swift */ = {isa = PBXFileReference; lastKnownFileType = sourcecode.swift; path = SceneDelegate.swift; sourceTree = "<group>"; };
		847BF2912911918D00B029C8 /* MainViewController.swift */ = {isa = PBXFileReference; lastKnownFileType = sourcecode.swift; path = MainViewController.swift; sourceTree = "<group>"; };
		847BF2942911918D00B029C8 /* Base */ = {isa = PBXFileReference; lastKnownFileType = file.storyboard; name = Base; path = Base.lproj/Main.storyboard; sourceTree = "<group>"; };
		847BF2962911918F00B029C8 /* Assets.xcassets */ = {isa = PBXFileReference; lastKnownFileType = folder.assetcatalog; path = Assets.xcassets; sourceTree = "<group>"; };
		847BF2992911918F00B029C8 /* Base */ = {isa = PBXFileReference; lastKnownFileType = file.storyboard; name = Base; path = Base.lproj/LaunchScreen.storyboard; sourceTree = "<group>"; };
		847BF29B2911918F00B029C8 /* Info.plist */ = {isa = PBXFileReference; lastKnownFileType = text.plist.xml; path = Info.plist; sourceTree = "<group>"; };
		847BF2A42911A09400B029C8 /* SearchViewController.swift */ = {isa = PBXFileReference; lastKnownFileType = sourcecode.swift; path = SearchViewController.swift; sourceTree = "<group>"; };
		847BF2A72911A09700B029C8 /* MapViewController.swift */ = {isa = PBXFileReference; lastKnownFileType = sourcecode.swift; path = MapViewController.swift; sourceTree = "<group>"; };
		84A7F5A8291281E800247AC6 /* LocationCell.swift */ = {isa = PBXFileReference; lastKnownFileType = sourcecode.swift; path = LocationCell.swift; sourceTree = "<group>"; };
		84A7F5AD29130CD200247AC6 /* WeatherViewModel.swift */ = {isa = PBXFileReference; lastKnownFileType = sourcecode.swift; path = WeatherViewModel.swift; sourceTree = "<group>"; };
		84A7F5B12913E85C00247AC6 /* WeatherCell.swift */ = {isa = PBXFileReference; lastKnownFileType = sourcecode.swift; path = WeatherCell.swift; sourceTree = "<group>"; };
		84A7F5B42913E8F300247AC6 /* WeatherCellViewModel.swift */ = {isa = PBXFileReference; lastKnownFileType = sourcecode.swift; path = WeatherCellViewModel.swift; sourceTree = "<group>"; };
		84A7F5B82914112200247AC6 /* String+countryName.swift */ = {isa = PBXFileReference; lastKnownFileType = sourcecode.swift; path = "String+countryName.swift"; sourceTree = "<group>"; };
		84A7F5BD2914128900247AC6 /* City.swift */ = {isa = PBXFileReference; lastKnownFileType = sourcecode.swift; path = City.swift; sourceTree = "<group>"; };
		84A7F5C0291412D000247AC6 /* Coordinates.swift */ = {isa = PBXFileReference; lastKnownFileType = sourcecode.swift; path = Coordinates.swift; sourceTree = "<group>"; };
		84A7F5C4291413B200247AC6 /* Result.swift */ = {isa = PBXFileReference; lastKnownFileType = sourcecode.swift; path = Result.swift; sourceTree = "<group>"; };
		84A7F5C82914142600247AC6 /* List.swift */ = {isa = PBXFileReference; lastKnownFileType = sourcecode.swift; path = List.swift; sourceTree = "<group>"; };
		84A7F5CB2914145B00247AC6 /* Clouds.swift */ = {isa = PBXFileReference; lastKnownFileType = sourcecode.swift; path = Clouds.swift; sourceTree = "<group>"; };
		84A7F5CF2914149100247AC6 /* MainClass.swift */ = {isa = PBXFileReference; lastKnownFileType = sourcecode.swift; path = MainClass.swift; sourceTree = "<group>"; };
		84A7F5D3291414B100247AC6 /* Rain.swift */ = {isa = PBXFileReference; lastKnownFileType = sourcecode.swift; path = Rain.swift; sourceTree = "<group>"; };
		84A7F5D7291414CA00247AC6 /* Sys.swift */ = {isa = PBXFileReference; lastKnownFileType = sourcecode.swift; path = Sys.swift; sourceTree = "<group>"; };
		84A7F5DA291414DD00247AC6 /* Pod.swift */ = {isa = PBXFileReference; lastKnownFileType = sourcecode.swift; path = Pod.swift; sourceTree = "<group>"; };
		84A7F5DE291414F600247AC6 /* Weather.swift */ = {isa = PBXFileReference; lastKnownFileType = sourcecode.swift; path = Weather.swift; sourceTree = "<group>"; };
		84A7F5E12914152200247AC6 /* Wind.swift */ = {isa = PBXFileReference; lastKnownFileType = sourcecode.swift; path = Wind.swift; sourceTree = "<group>"; };
		84A7F5E6291415C000247AC6 /* NetworkManager.swift */ = {isa = PBXFileReference; lastKnownFileType = sourcecode.swift; path = NetworkManager.swift; sourceTree = "<group>"; };
		84A7F5EB2914276400247AC6 /* WeatherCellModel.swift */ = {isa = PBXFileReference; lastKnownFileType = sourcecode.swift; path = WeatherCellModel.swift; sourceTree = "<group>"; };
		84A7F5EF2914296A00247AC6 /* Array+groupedBy.swift */ = {isa = PBXFileReference; lastKnownFileType = sourcecode.swift; path = "Array+groupedBy.swift"; sourceTree = "<group>"; };
		E716E96D5BCC50EFDC40728E /* Pods_Weather_App.framework */ = {isa = PBXFileReference; explicitFileType = wrapper.framework; includeInIndex = 0; path = Pods_Weather_App.framework; sourceTree = BUILT_PRODUCTS_DIR; };
/* End PBXFileReference section */

/* Begin PBXFrameworksBuildPhase section */
		847BF2872911918D00B029C8 /* Frameworks */ = {
			isa = PBXFrameworksBuildPhase;
			buildActionMask = 2147483647;
			files = (
				7E1039B1A9DF4501A4BD3752 /* Pods_Weather_App.framework in Frameworks */,
			);
			runOnlyForDeploymentPostprocessing = 0;
		};
/* End PBXFrameworksBuildPhase section */

/* Begin PBXGroup section */
		847BF2812911918D00B029C8 = {
			isa = PBXGroup;
			children = (
				847BF28C2911918D00B029C8 /* Weather App */,
				847BF28B2911918D00B029C8 /* Products */,
				933CCBDA2FD4C59D8A0B74C1 /* Pods */,
				AA4B4B34DC8A89A74345573A /* Frameworks */,
			);
			sourceTree = "<group>";
		};
		847BF28B2911918D00B029C8 /* Products */ = {
			isa = PBXGroup;
			children = (
				847BF28A2911918D00B029C8 /* Weather App.app */,
			);
			name = Products;
			sourceTree = "<group>";
		};
		847BF28C2911918D00B029C8 /* Weather App */ = {
			isa = PBXGroup;
			children = (
				84A7F5E5291415B100247AC6 /* Managers */,
				84A7F5BC2914127200247AC6 /* Models */,
				84A7F5B72914110B00247AC6 /* extensions */,
				84A7F5AC29130CA100247AC6 /* MainVC */,
				847BF28D2911918D00B029C8 /* AppDelegate.swift */,
				847BF28F2911918D00B029C8 /* SceneDelegate.swift */,
				847BF2A72911A09700B029C8 /* MapViewController.swift */,
				847BF2A42911A09400B029C8 /* SearchViewController.swift */,
				847BF2932911918D00B029C8 /* Main.storyboard */,
				847BF2962911918F00B029C8 /* Assets.xcassets */,
				847BF2982911918F00B029C8 /* LaunchScreen.storyboard */,
				847BF29B2911918F00B029C8 /* Info.plist */,
				84A7F5A8291281E800247AC6 /* LocationCell.swift */,
			);
			path = "Weather App";
			sourceTree = "<group>";
		};
		84A7F5AC29130CA100247AC6 /* MainVC */ = {
			isa = PBXGroup;
			children = (
				84A7F5AD29130CD200247AC6 /* WeatherViewModel.swift */,
				847BF2912911918D00B029C8 /* MainViewController.swift */,
				84A7F5B12913E85C00247AC6 /* WeatherCell.swift */,
				84A7F5B42913E8F300247AC6 /* WeatherCellViewModel.swift */,
			);
			path = MainVC;
			sourceTree = "<group>";
		};
		84A7F5B72914110B00247AC6 /* extensions */ = {
			isa = PBXGroup;
			children = (
				84A7F5EF2914296A00247AC6 /* Array+groupedBy.swift */,
				84A7F5B82914112200247AC6 /* String+countryName.swift */,
			);
			path = extensions;
			sourceTree = "<group>";
		};
		84A7F5BC2914127200247AC6 /* Models */ = {
			isa = PBXGroup;
			children = (
				84A7F5DE291414F600247AC6 /* Weather.swift */,
				84A7F5EB2914276400247AC6 /* WeatherCellModel.swift */,
				84A7F5E12914152200247AC6 /* Wind.swift */,
				84A7F5DA291414DD00247AC6 /* Pod.swift */,
				84A7F5D3291414B100247AC6 /* Rain.swift */,
				84A7F5D7291414CA00247AC6 /* Sys.swift */,
				84A7F5CF2914149100247AC6 /* MainClass.swift */,
				84A7F5CB2914145B00247AC6 /* Clouds.swift */,
				84A7F5C82914142600247AC6 /* List.swift */,
				84A7F5C4291413B200247AC6 /* Result.swift */,
				84A7F5C0291412D000247AC6 /* Coordinates.swift */,
				84A7F5BD2914128900247AC6 /* City.swift */,
			);
			path = Models;
			sourceTree = "<group>";
		};
		84A7F5E5291415B100247AC6 /* Managers */ = {
			isa = PBXGroup;
			children = (
				84A7F5E6291415C000247AC6 /* NetworkManager.swift */,
			);
			path = Managers;
			sourceTree = "<group>";
		};
		933CCBDA2FD4C59D8A0B74C1 /* Pods */ = {
			isa = PBXGroup;
			children = (
				4E4C417395B1A966FE349AB0 /* Pods-Weather App.debug.xcconfig */,
				482A18CF5A967EDA18F0A78C /* Pods-Weather App.release.xcconfig */,
			);
			path = Pods;
			sourceTree = "<group>";
		};
		AA4B4B34DC8A89A74345573A /* Frameworks */ = {
			isa = PBXGroup;
			children = (
				E716E96D5BCC50EFDC40728E /* Pods_Weather_App.framework */,
			);
			name = Frameworks;
			sourceTree = "<group>";
		};
/* End PBXGroup section */

/* Begin PBXNativeTarget section */
		847BF2892911918D00B029C8 /* Weather App */ = {
			isa = PBXNativeTarget;
			buildConfigurationList = 847BF29E2911918F00B029C8 /* Build configuration list for PBXNativeTarget "Weather App" */;
			buildPhases = (
				EF634F2B15F3404B404EC0B8 /* [CP] Check Pods Manifest.lock */,
				847BF2862911918D00B029C8 /* Sources */,
				847BF2872911918D00B029C8 /* Frameworks */,
				847BF2882911918D00B029C8 /* Resources */,
				45065ECDABB019320971AA3A /* [CP] Copy Pods Resources */,
			);
			buildRules = (
			);
			dependencies = (
			);
			name = "Weather App";
			productName = "Weather App";
			productReference = 847BF28A2911918D00B029C8 /* Weather App.app */;
			productType = "com.apple.product-type.application";
		};
/* End PBXNativeTarget section */

/* Begin PBXProject section */
		847BF2822911918D00B029C8 /* Project object */ = {
			isa = PBXProject;
			attributes = {
				LastSwiftUpdateCheck = 1200;
				LastUpgradeCheck = 1200;
				TargetAttributes = {
					847BF2892911918D00B029C8 = {
						CreatedOnToolsVersion = 12.0.1;
					};
				};
			};
			buildConfigurationList = 847BF2852911918D00B029C8 /* Build configuration list for PBXProject "Weather App" */;
			compatibilityVersion = "Xcode 12.0";
			developmentRegion = en;
			hasScannedForEncodings = 0;
			knownRegions = (
				en,
				Base,
			);
			mainGroup = 847BF2812911918D00B029C8;
			productRefGroup = 847BF28B2911918D00B029C8 /* Products */;
			projectDirPath = "";
			projectRoot = "";
			targets = (
				847BF2892911918D00B029C8 /* Weather App */,
			);
		};
/* End PBXProject section */

/* Begin PBXResourcesBuildPhase section */
		847BF2882911918D00B029C8 /* Resources */ = {
			isa = PBXResourcesBuildPhase;
			buildActionMask = 2147483647;
			files = (
				847BF29A2911918F00B029C8 /* LaunchScreen.storyboard in Resources */,
				847BF2972911918F00B029C8 /* Assets.xcassets in Resources */,
				847BF2952911918D00B029C8 /* Main.storyboard in Resources */,
			);
			runOnlyForDeploymentPostprocessing = 0;
		};
/* End PBXResourcesBuildPhase section */

/* Begin PBXShellScriptBuildPhase section */
		45065ECDABB019320971AA3A /* [CP] Copy Pods Resources */ = {
			isa = PBXShellScriptBuildPhase;
			buildActionMask = 2147483647;
			files = (
			);
			inputFileListPaths = (
				"${PODS_ROOT}/Target Support Files/Pods-Weather App/Pods-Weather App-resources-${CONFIGURATION}-input-files.xcfilelist",
			);
			name = "[CP] Copy Pods Resources";
			outputFileListPaths = (
				"${PODS_ROOT}/Target Support Files/Pods-Weather App/Pods-Weather App-resources-${CONFIGURATION}-output-files.xcfilelist",
			);
			runOnlyForDeploymentPostprocessing = 0;
			shellPath = /bin/sh;
			shellScript = "\"${PODS_ROOT}/Target Support Files/Pods-Weather App/Pods-Weather App-resources.sh\"\n";
			showEnvVarsInLog = 0;
		};
		EF634F2B15F3404B404EC0B8 /* [CP] Check Pods Manifest.lock */ = {
			isa = PBXShellScriptBuildPhase;
			buildActionMask = 2147483647;
			files = (
			);
			inputFileListPaths = (
			);
			inputPaths = (
				"${PODS_PODFILE_DIR_PATH}/Podfile.lock",
				"${PODS_ROOT}/Manifest.lock",
			);
			name = "[CP] Check Pods Manifest.lock";
			outputFileListPaths = (
			);
			outputPaths = (
				"$(DERIVED_FILE_DIR)/Pods-Weather App-checkManifestLockResult.txt",
			);
			runOnlyForDeploymentPostprocessing = 0;
			shellPath = /bin/sh;
			shellScript = "diff \"${PODS_PODFILE_DIR_PATH}/Podfile.lock\" \"${PODS_ROOT}/Manifest.lock\" > /dev/null\nif [ $? != 0 ] ; then\n    # print error to STDERR\n    echo \"error: The sandbox is not in sync with the Podfile.lock. Run 'pod install' or update your CocoaPods installation.\" >&2\n    exit 1\nfi\n# This output is used by Xcode 'outputs' to avoid re-running this script phase.\necho \"SUCCESS\" > \"${SCRIPT_OUTPUT_FILE_0}\"\n";
			showEnvVarsInLog = 0;
		};
/* End PBXShellScriptBuildPhase section */

/* Begin PBXSourcesBuildPhase section */
		847BF2862911918D00B029C8 /* Sources */ = {
			isa = PBXSourcesBuildPhase;
			buildActionMask = 2147483647;
			files = (
				84A7F5A9291281E800247AC6 /* LocationCell.swift in Sources */,
				84A7F5D4291414B100247AC6 /* Rain.swift in Sources */,
				847BF2922911918D00B029C8 /* MainViewController.swift in Sources */,
				84A7F5CC2914145B00247AC6 /* Clouds.swift in Sources */,
				84A7F5E7291415C000247AC6 /* NetworkManager.swift in Sources */,
				84A7F5EC2914276500247AC6 /* WeatherCellModel.swift in Sources */,
				84A7F5C1291412D000247AC6 /* Coordinates.swift in Sources */,
				847BF28E2911918D00B029C8 /* AppDelegate.swift in Sources */,
				84A7F5B52913E8F300247AC6 /* WeatherCellViewModel.swift in Sources */,
				84A7F5D02914149100247AC6 /* MainClass.swift in Sources */,
				847BF2902911918D00B029C8 /* SceneDelegate.swift in Sources */,
				84A7F5B22913E85C00247AC6 /* WeatherCell.swift in Sources */,
				84A7F5B92914112200247AC6 /* String+countryName.swift in Sources */,
				84A7F5DF291414F600247AC6 /* Weather.swift in Sources */,
				84A7F5C92914142600247AC6 /* List.swift in Sources */,
				84A7F5BE2914128900247AC6 /* City.swift in Sources */,
				84A7F5D8291414CA00247AC6 /* Sys.swift in Sources */,
				84A7F5C5291413B200247AC6 /* Result.swift in Sources */,
				84A7F5F02914296A00247AC6 /* Array+groupedBy.swift in Sources */,
				84A7F5E22914152200247AC6 /* Wind.swift in Sources */,
				84A7F5AE29130CD200247AC6 /* WeatherViewModel.swift in Sources */,
				847BF2A82911A09700B029C8 /* MapViewController.swift in Sources */,
				84A7F5DB291414DD00247AC6 /* Pod.swift in Sources */,
				847BF2A52911A09400B029C8 /* SearchViewController.swift in Sources */,
			);
			runOnlyForDeploymentPostprocessing = 0;
		};
/* End PBXSourcesBuildPhase section */

/* Begin PBXVariantGroup section */
		847BF2932911918D00B029C8 /* Main.storyboard */ = {
			isa = PBXVariantGroup;
			children = (
				847BF2942911918D00B029C8 /* Base */,
			);
			name = Main.storyboard;
			sourceTree = "<group>";
		};
		847BF2982911918F00B029C8 /* LaunchScreen.storyboard */ = {
			isa = PBXVariantGroup;
			children = (
				847BF2992911918F00B029C8 /* Base */,
			);
			name = LaunchScreen.storyboard;
			sourceTree = "<group>";
		};
/* End PBXVariantGroup section */

/* Begin XCBuildConfiguration section */
		847BF29C2911918F00B029C8 /* Debug */ = {
			isa = XCBuildConfiguration;
			buildSettings = {
				ALWAYS_SEARCH_USER_PATHS = NO;
				CLANG_ANALYZER_NONNULL = YES;
				CLANG_ANALYZER_NUMBER_OBJECT_CONVERSION = YES_AGGRESSIVE;
				CLANG_CXX_LANGUAGE_STANDARD = "gnu++14";
				CLANG_CXX_LIBRARY = "libc++";
				CLANG_ENABLE_MODULES = YES;
				CLANG_ENABLE_OBJC_ARC = YES;
				CLANG_ENABLE_OBJC_WEAK = YES;
				CLANG_WARN_BLOCK_CAPTURE_AUTORELEASING = YES;
				CLANG_WARN_BOOL_CONVERSION = YES;
				CLANG_WARN_COMMA = YES;
				CLANG_WARN_CONSTANT_CONVERSION = YES;
				CLANG_WARN_DEPRECATED_OBJC_IMPLEMENTATIONS = YES;
				CLANG_WARN_DIRECT_OBJC_ISA_USAGE = YES_ERROR;
				CLANG_WARN_DOCUMENTATION_COMMENTS = YES;
				CLANG_WARN_EMPTY_BODY = YES;
				CLANG_WARN_ENUM_CONVERSION = YES;
				CLANG_WARN_INFINITE_RECURSION = YES;
				CLANG_WARN_INT_CONVERSION = YES;
				CLANG_WARN_NON_LITERAL_NULL_CONVERSION = YES;
				CLANG_WARN_OBJC_IMPLICIT_RETAIN_SELF = YES;
				CLANG_WARN_OBJC_LITERAL_CONVERSION = YES;
				CLANG_WARN_OBJC_ROOT_CLASS = YES_ERROR;
				CLANG_WARN_QUOTED_INCLUDE_IN_FRAMEWORK_HEADER = YES;
				CLANG_WARN_RANGE_LOOP_ANALYSIS = YES;
				CLANG_WARN_STRICT_PROTOTYPES = YES;
				CLANG_WARN_SUSPICIOUS_MOVE = YES;
				CLANG_WARN_UNGUARDED_AVAILABILITY = YES_AGGRESSIVE;
				CLANG_WARN_UNREACHABLE_CODE = YES;
				CLANG_WARN__DUPLICATE_METHOD_MATCH = YES;
				COPY_PHASE_STRIP = NO;
				DEBUG_INFORMATION_FORMAT = dwarf;
				ENABLE_STRICT_OBJC_MSGSEND = YES;
				ENABLE_TESTABILITY = YES;
				GCC_C_LANGUAGE_STANDARD = gnu11;
				GCC_DYNAMIC_NO_PIC = NO;
				GCC_NO_COMMON_BLOCKS = YES;
				GCC_OPTIMIZATION_LEVEL = 0;
				GCC_PREPROCESSOR_DEFINITIONS = (
					"DEBUG=1",
					"$(inherited)",
				);
				GCC_WARN_64_TO_32_BIT_CONVERSION = YES;
				GCC_WARN_ABOUT_RETURN_TYPE = YES_ERROR;
				GCC_WARN_UNDECLARED_SELECTOR = YES;
				GCC_WARN_UNINITIALIZED_AUTOS = YES_AGGRESSIVE;
				GCC_WARN_UNUSED_FUNCTION = YES;
				GCC_WARN_UNUSED_VARIABLE = YES;
				IPHONEOS_DEPLOYMENT_TARGET = 14.0;
				MTL_ENABLE_DEBUG_INFO = INCLUDE_SOURCE;
				MTL_FAST_MATH = YES;
				ONLY_ACTIVE_ARCH = YES;
				SDKROOT = iphoneos;
				SWIFT_ACTIVE_COMPILATION_CONDITIONS = DEBUG;
				SWIFT_OPTIMIZATION_LEVEL = "-Onone";
			};
			name = Debug;
		};
		847BF29D2911918F00B029C8 /* Release */ = {
			isa = XCBuildConfiguration;
			buildSettings = {
				ALWAYS_SEARCH_USER_PATHS = NO;
				CLANG_ANALYZER_NONNULL = YES;
				CLANG_ANALYZER_NUMBER_OBJECT_CONVERSION = YES_AGGRESSIVE;
				CLANG_CXX_LANGUAGE_STANDARD = "gnu++14";
				CLANG_CXX_LIBRARY = "libc++";
				CLANG_ENABLE_MODULES = YES;
				CLANG_ENABLE_OBJC_ARC = YES;
				CLANG_ENABLE_OBJC_WEAK = YES;
				CLANG_WARN_BLOCK_CAPTURE_AUTORELEASING = YES;
				CLANG_WARN_BOOL_CONVERSION = YES;
				CLANG_WARN_COMMA = YES;
				CLANG_WARN_CONSTANT_CONVERSION = YES;
				CLANG_WARN_DEPRECATED_OBJC_IMPLEMENTATIONS = YES;
				CLANG_WARN_DIRECT_OBJC_ISA_USAGE = YES_ERROR;
				CLANG_WARN_DOCUMENTATION_COMMENTS = YES;
				CLANG_WARN_EMPTY_BODY = YES;
				CLANG_WARN_ENUM_CONVERSION = YES;
				CLANG_WARN_INFINITE_RECURSION = YES;
				CLANG_WARN_INT_CONVERSION = YES;
				CLANG_WARN_NON_LITERAL_NULL_CONVERSION = YES;
				CLANG_WARN_OBJC_IMPLICIT_RETAIN_SELF = YES;
				CLANG_WARN_OBJC_LITERAL_CONVERSION = YES;
				CLANG_WARN_OBJC_ROOT_CLASS = YES_ERROR;
				CLANG_WARN_QUOTED_INCLUDE_IN_FRAMEWORK_HEADER = YES;
				CLANG_WARN_RANGE_LOOP_ANALYSIS = YES;
				CLANG_WARN_STRICT_PROTOTYPES = YES;
				CLANG_WARN_SUSPICIOUS_MOVE = YES;
				CLANG_WARN_UNGUARDED_AVAILABILITY = YES_AGGRESSIVE;
				CLANG_WARN_UNREACHABLE_CODE = YES;
				CLANG_WARN__DUPLICATE_METHOD_MATCH = YES;
				COPY_PHASE_STRIP = NO;
				DEBUG_INFORMATION_FORMAT = "dwarf-with-dsym";
				ENABLE_NS_ASSERTIONS = NO;
				ENABLE_STRICT_OBJC_MSGSEND = YES;
				GCC_C_LANGUAGE_STANDARD = gnu11;
				GCC_NO_COMMON_BLOCKS = YES;
				GCC_WARN_64_TO_32_BIT_CONVERSION = YES;
				GCC_WARN_ABOUT_RETURN_TYPE = YES_ERROR;
				GCC_WARN_UNDECLARED_SELECTOR = YES;
				GCC_WARN_UNINITIALIZED_AUTOS = YES_AGGRESSIVE;
				GCC_WARN_UNUSED_FUNCTION = YES;
				GCC_WARN_UNUSED_VARIABLE = YES;
				IPHONEOS_DEPLOYMENT_TARGET = 14.0;
				MTL_ENABLE_DEBUG_INFO = NO;
				MTL_FAST_MATH = YES;
				SDKROOT = iphoneos;
				SWIFT_COMPILATION_MODE = wholemodule;
				SWIFT_OPTIMIZATION_LEVEL = "-O";
				VALIDATE_PRODUCT = YES;
			};
			name = Release;
		};
		847BF29F2911918F00B029C8 /* Debug */ = {
			isa = XCBuildConfiguration;
			baseConfigurationReference = 4E4C417395B1A966FE349AB0 /* Pods-Weather App.debug.xcconfig */;
			buildSettings = {
				ASSETCATALOG_COMPILER_APPICON_NAME = AppIcon;
				ASSETCATALOG_COMPILER_GLOBAL_ACCENT_COLOR_NAME = AccentColor;
				CODE_SIGN_STYLE = Automatic;
				DEVELOPMENT_TEAM = 99U8W5YTFV;
				INFOPLIST_FILE = "Weather App/Info.plist";
				IPHONEOS_DEPLOYMENT_TARGET = 13.0;
				LD_RUNPATH_SEARCH_PATHS = (
					"$(inherited)",
					"@executable_path/Frameworks",
				);
				PRODUCT_BUNDLE_IDENTIFIER = "Pasha.Weather-App";
				PRODUCT_NAME = "$(TARGET_NAME)";
				SWIFT_VERSION = 5.0;
				TARGETED_DEVICE_FAMILY = "1,2";
			};
			name = Debug;
		};
		847BF2A02911918F00B029C8 /* Release */ = {
			isa = XCBuildConfiguration;
			baseConfigurationReference = 482A18CF5A967EDA18F0A78C /* Pods-Weather App.release.xcconfig */;
			buildSettings = {
				ASSETCATALOG_COMPILER_APPICON_NAME = AppIcon;
				ASSETCATALOG_COMPILER_GLOBAL_ACCENT_COLOR_NAME = AccentColor;
				CODE_SIGN_STYLE = Automatic;
				DEVELOPMENT_TEAM = 99U8W5YTFV;
				INFOPLIST_FILE = "Weather App/Info.plist";
				IPHONEOS_DEPLOYMENT_TARGET = 13.0;
				LD_RUNPATH_SEARCH_PATHS = (
					"$(inherited)",
					"@executable_path/Frameworks",
				);
				PRODUCT_BUNDLE_IDENTIFIER = "Pasha.Weather-App";
				PRODUCT_NAME = "$(TARGET_NAME)";
				SWIFT_VERSION = 5.0;
				TARGETED_DEVICE_FAMILY = "1,2";
			};
			name = Release;
		};
/* End XCBuildConfiguration section */

/* Begin XCConfigurationList section */
		847BF2852911918D00B029C8 /* Build configuration list for PBXProject "Weather App" */ = {
			isa = XCConfigurationList;
			buildConfigurations = (
				847BF29C2911918F00B029C8 /* Debug */,
				847BF29D2911918F00B029C8 /* Release */,
			);
			defaultConfigurationIsVisible = 0;
			defaultConfigurationName = Release;
		};
		847BF29E2911918F00B029C8 /* Build configuration list for PBXNativeTarget "Weather App" */ = {
			isa = XCConfigurationList;
			buildConfigurations = (
				847BF29F2911918F00B029C8 /* Debug */,
				847BF2A02911918F00B029C8 /* Release */,
			);
			defaultConfigurationIsVisible = 0;
			defaultConfigurationName = Release;
		};
/* End XCConfigurationList section */
	};
	rootObject = 847BF2822911918D00B029C8 /* Project object */;
}
